
Microsoft Visual Studio Solution File, Format Version 12.00
# Visual Studio Version 17
VisualStudioVersion = 17.0.31919.166
MinimumVisualStudioVersion = 10.0.40219.1
Project("{FAE04EC0-301F-11D3-BF4B-00C04F79EFBC}") = "karakterTers", "karakterTers.csproj", "{3741299E-54F0-46F1-844A-376B0F83BAC3}"
EndProject
Global
	GlobalSection(SolutionConfigurationPlatforms) = preSolution
		Debug|Any CPU = Debug|Any CPU
		Release|Any CPU = Release|Any CPU
	EndGlobalSection
	GlobalSection(ProjectConfigurationPlatforms) = postSolution
		{3741299E-54F0-46F1-844A-376B0F83BAC3}.Debug|Any CPU.ActiveCfg = Debug|Any CPU
		{3741299E-54F0-46F1-844A-376B0F83BAC3}.Debug|Any CPU.Build.0 = Debug|Any CPU
		{3741299E-54F0-46F1-844A-376B0F83BAC3}.Release|Any CPU.ActiveCfg = Release|Any CPU
		{3741299E-54F0-46F1-844A-376B0F83BAC3}.Release|Any CPU.Build.0 = Release|Any CPU
	EndGlobalSection
	GlobalSection(SolutionProperties) = preSolution
		HideSolutionNode = FALSE
	EndGlobalSection
	GlobalSection(ExtensibilityGlobals) = postSolution
		SolutionGuid = {9947E4E0-0B20-42CF-9BD2-236142D61EBF}
	EndGlobalSection
EndGlobal
