
Microsoft Visual Studio Solution File, Format Version 12.00
# Visual Studio Version 17
VisualStudioVersion = 17.0.31919.166
MinimumVisualStudioVersion = 10.0.40219.1
Project("{FAE04EC0-301F-11D3-BF4B-00C04F79EFBC}") = "ConsoleApp1", "ConsoleApp1.csproj", "{D5022B32-4F14-4289-A151-6A2D115D4A87}"
EndProject
Global
	GlobalSection(SolutionConfigurationPlatforms) = preSolution
		Debug|Any CPU = Debug|Any CPU
		Release|Any CPU = Release|Any CPU
	EndGlobalSection
	GlobalSection(ProjectConfigurationPlatforms) = postSolution
		{D5022B32-4F14-4289-A151-6A2D115D4A87}.Debug|Any CPU.ActiveCfg = Debug|Any CPU
		{D5022B32-4F14-4289-A151-6A2D115D4A87}.Debug|Any CPU.Build.0 = Debug|Any CPU
		{D5022B32-4F14-4289-A151-6A2D115D4A87}.Release|Any CPU.ActiveCfg = Release|Any CPU
		{D5022B32-4F14-4289-A151-6A2D115D4A87}.Release|Any CPU.Build.0 = Release|Any CPU
	EndGlobalSection
	GlobalSection(SolutionProperties) = preSolution
		HideSolutionNode = FALSE
	EndGlobalSection
	GlobalSection(ExtensibilityGlobals) = postSolution
		SolutionGuid = {93ADCEB0-0631-4B23-88FF-6EC59FA03222}
	EndGlobalSection
EndGlobal
