
Microsoft Visual Studio Solution File, Format Version 12.00
# Visual Studio Version 17
VisualStudioVersion = 17.0.31919.166
MinimumVisualStudioVersion = 10.0.40219.1
Project("{FAE04EC0-301F-11D3-BF4B-00C04F79EFBC}") = "SessizHarf", "SessizHarf.csproj", "{09047470-2A60-499D-818F-75231134F254}"
EndProject
Global
	GlobalSection(SolutionConfigurationPlatforms) = preSolution
		Debug|Any CPU = Debug|Any CPU
		Release|Any CPU = Release|Any CPU
	EndGlobalSection
	GlobalSection(ProjectConfigurationPlatforms) = postSolution
		{09047470-2A60-499D-818F-75231134F254}.Debug|Any CPU.ActiveCfg = Debug|Any CPU
		{09047470-2A60-499D-818F-75231134F254}.Debug|Any CPU.Build.0 = Debug|Any CPU
		{09047470-2A60-499D-818F-75231134F254}.Release|Any CPU.ActiveCfg = Release|Any CPU
		{09047470-2A60-499D-818F-75231134F254}.Release|Any CPU.Build.0 = Release|Any CPU
	EndGlobalSection
	GlobalSection(SolutionProperties) = preSolution
		HideSolutionNode = FALSE
	EndGlobalSection
	GlobalSection(ExtensibilityGlobals) = postSolution
		SolutionGuid = {A3A65847-4EF7-495B-92D7-E4E8DAF9311E}
	EndGlobalSection
EndGlobal
